
Microsoft Visual Studio Solution File, Format Version 12.00
# Visual Studio Version 17
VisualStudioVersion = 17.4.33213.308
MinimumVisualStudioVersion = 10.0.40219.1
Project("{FAE04EC0-301F-11D3-BF4B-00C04F79EFBC}") = "Seguimiento_De_Prospectos", "Seguimiento_De_Prospectos.csproj", "{FD573B20-AFDB-4965-9D03-A750C21E2D6C}"
EndProject
Global
	GlobalSection(SolutionConfigurationPlatforms) = preSolution
		Debug|Any CPU = Debug|Any CPU
		Release|Any CPU = Release|Any CPU
	EndGlobalSection
	GlobalSection(ProjectConfigurationPlatforms) = postSolution
		{FD573B20-AFDB-4965-9D03-A750C21E2D6C}.Debug|Any CPU.ActiveCfg = Debug|Any CPU
		{FD573B20-AFDB-4965-9D03-A750C21E2D6C}.Debug|Any CPU.Build.0 = Debug|Any CPU
		{FD573B20-AFDB-4965-9D03-A750C21E2D6C}.Release|Any CPU.ActiveCfg = Release|Any CPU
		{FD573B20-AFDB-4965-9D03-A750C21E2D6C}.Release|Any CPU.Build.0 = Release|Any CPU
	EndGlobalSection
	GlobalSection(SolutionProperties) = preSolution
		HideSolutionNode = FALSE
	EndGlobalSection
	GlobalSection(ExtensibilityGlobals) = postSolution
		SolutionGuid = {7FFDCEAB-62BC-44C6-BFE4-4F6A0D1672BD}
	EndGlobalSection
EndGlobal
